// !$*UTF8*$!
{
	archiveVersion = 1;
	classes = {
	};
	objectVersion = 46;
	objects = {

/* Begin PBXBuildFile section */
		CDB62B881A8A967100BE37B5 /* main.m in Sources */ = {isa = PBXBuildFile; fileRef = CDB62B871A8A967100BE37B5 /* main.m */; };
		CDB62B8B1A8A967100BE37B5 /* AppDelegate.m in Sources */ = {isa = PBXBuildFile; fileRef = CDB62B8A1A8A967100BE37B5 /* AppDelegate.m */; };
		CDB62B8E1A8A967100BE37B5 /* ViewController.m in Sources */ = {isa = PBXBuildFile; fileRef = CDB62B8D1A8A967100BE37B5 /* ViewController.m */; };
		CDB62B911A8A967100BE37B5 /* Main.storyboard in Resources */ = {isa = PBXBuildFile; fileRef = CDB62B8F1A8A967100BE37B5 /* Main.storyboard */; };
		CDB62B931A8A967100BE37B5 /* Images.xcassets in Resources */ = {isa = PBXBuildFile; fileRef = CDB62B921A8A967100BE37B5 /* Images.xcassets */; };
		CDB62B961A8A967100BE37B5 /* LaunchScreen.xib in Resources */ = {isa = PBXBuildFile; fileRef = CDB62B941A8A967100BE37B5 /* LaunchScreen.xib */; };
		CDB62BA21A8A967100BE37B5 /* TwoMatcheUp3Tests.m in Sources */ = {isa = PBXBuildFile; fileRef = CDB62BA11A8A967100BE37B5 /* TwoMatcheUp3Tests.m */; };
/* End PBXBuildFile section */

/* Begin PBXContainerItemProxy section */
		CDB62B9C1A8A967100BE37B5 /* PBXContainerItemProxy */ = {
			isa = PBXContainerItemProxy;
			containerPortal = CDB62B7A1A8A967100BE37B5 /* Project object */;
			proxyType = 1;
			remoteGlobalIDString = CDB62B811A8A967100BE37B5;
			remoteInfo = TwoMatcheUp3;
		};
/* End PBXContainerItemProxy section */

/* Begin PBXFileReference section */
		CDB62B821A8A967100BE37B5 /* TwoMatcheUp3.app */ = {isa = PBXFileReference; explicitFileType = wrapper.application; includeInIndex = 0; path = TwoMatcheUp3.app; sourceTree = BUILT_PRODUCTS_DIR; };
		CDB62B861A8A967100BE37B5 /* Info.plist */ = {isa = PBXFileReference; lastKnownFileType = text.plist.xml; path = Info.plist; sourceTree = "<group>"; };
		CDB62B871A8A967100BE37B5 /* main.m */ = {isa = PBXFileReference; lastKnownFileType = sourcecode.c.objc; path = main.m; sourceTree = "<group>"; };
		CDB62B891A8A967100BE37B5 /* AppDelegate.h */ = {isa = PBXFileReference; lastKnownFileType = sourcecode.c.h; path = AppDelegate.h; sourceTree = "<group>"; };
		CDB62B8A1A8A967100BE37B5 /* AppDelegate.m */ = {isa = PBXFileReference; lastKnownFileType = sourcecode.c.objc; path = AppDelegate.m; sourceTree = "<group>"; };
		CDB62B8C1A8A967100BE37B5 /* ViewController.h */ = {isa = PBXFileReference; lastKnownFileType = sourcecode.c.h; path = ViewController.h; sourceTree = "<group>"; };
		CDB62B8D1A8A967100BE37B5 /* ViewController.m */ = {isa = PBXFileReference; lastKnownFileType = sourcecode.c.objc; path = ViewController.m; sourceTree = "<group>"; };
		CDB62B901A8A967100BE37B5 /* Base */ = {isa = PBXFileReference; lastKnownFileType = file.storyboard; name = Base; path = Base.lproj/Main.storyboard; sourceTree = "<group>"; };
		CDB62B921A8A967100BE37B5 /* Images.xcassets */ = {isa = PBXFileReference; lastKnownFileType = folder.assetcatalog; path = Images.xcassets; sourceTree = "<group>"; };
		CDB62B951A8A967100BE37B5 /* Base */ = {isa = PBXFileReference; lastKnownFileType = file.xib; name = Base; path = Base.lproj/LaunchScreen.xib; sourceTree = "<group>"; };
		CDB62B9B1A8A967100BE37B5 /* TwoMatcheUp3Tests.xctest */ = {isa = PBXFileReference; explicitFileType = wrapper.cfbundle; includeInIndex = 0; path = TwoMatcheUp3Tests.xctest; sourceTree = BUILT_PRODUCTS_DIR; };
		CDB62BA01A8A967100BE37B5 /* Info.plist */ = {isa = PBXFileReference; lastKnownFileType = text.plist.xml; path = Info.plist; sourceTree = "<group>"; };
		CDB62BA11A8A967100BE37B5 /* TwoMatcheUp3Tests.m */ = {isa = PBXFileReference; lastKnownFileType = sourcecode.c.objc; path = TwoMatcheUp3Tests.m; sourceTree = "<group>"; };
/* End PBXFileReference section */

/* Begin PBXFrameworksBuildPhase section */
		CDB62B7F1A8A967100BE37B5 /* Frameworks */ = {
			isa = PBXFrameworksBuildPhase;
			buildActionMask = 2147483647;
			files = (
			);
			runOnlyForDeploymentPostprocessing = 0;
		};
		CDB62B981A8A967100BE37B5 /* Frameworks */ = {
			isa = PBXFrameworksBuildPhase;
			buildActionMask = 2147483647;
			files = (
			);
			runOnlyForDeploymentPostprocessing = 0;
		};
/* End PBXFrameworksBuildPhase section */

/* Begin PBXGroup section */
		CDB62B791A8A967100BE37B5 = {
			isa = PBXGroup;
			children = (
				CDB62B841A8A967100BE37B5 /* TwoMatcheUp3 */,
				CDB62B9E1A8A967100BE37B5 /* TwoMatcheUp3Tests */,
				CDB62B831A8A967100BE37B5 /* Products */,
			);
			sourceTree = "<group>";
		};
		CDB62B831A8A967100BE37B5 /* Products */ = {
			isa = PBXGroup;
			children = (
				CDB62B821A8A967100BE37B5 /* TwoMatcheUp3.app */,
				CDB62B9B1A8A967100BE37B5 /* TwoMatcheUp3Tests.xctest */,
			);
			name = Products;
			sourceTree = "<group>";
		};
		CDB62B841A8A967100BE37B5 /* TwoMatcheUp3 */ = {
			isa = PBXGroup;
			children = (
				CDB62B891A8A967100BE37B5 /* AppDelegate.h */,
				CDB62B8A1A8A967100BE37B5 /* AppDelegate.m */,
				CDB62B8C1A8A967100BE37B5 /* ViewController.h */,
				CDB62B8D1A8A967100BE37B5 /* ViewController.m */,
				CDB62B8F1A8A967100BE37B5 /* Main.storyboard */,
				CDB62B921A8A967100BE37B5 /* Images.xcassets */,
				CDB62B941A8A967100BE37B5 /* LaunchScreen.xib */,
				CDB62B851A8A967100BE37B5 /* Supporting Files */,
			);
			path = TwoMatcheUp3;
			sourceTree = "<group>";
		};
		CDB62B851A8A967100BE37B5 /* Supporting Files */ = {
			isa = PBXGroup;
			children = (
				CDB62B861A8A967100BE37B5 /* Info.plist */,
				CDB62B871A8A967100BE37B5 /* main.m */,
			);
			name = "Supporting Files";
			sourceTree = "<group>";
		};
		CDB62B9E1A8A967100BE37B5 /* TwoMatcheUp3Tests */ = {
			isa = PBXGroup;
			children = (
				CDB62BA11A8A967100BE37B5 /* TwoMatcheUp3Tests.m */,
				CDB62B9F1A8A967100BE37B5 /* Supporting Files */,
			);
			path = TwoMatcheUp3Tests;
			sourceTree = "<group>";
		};
		CDB62B9F1A8A967100BE37B5 /* Supporting Files */ = {
			isa = PBXGroup;
			children = (
				CDB62BA01A8A967100BE37B5 /* Info.plist */,
			);
			name = "Supporting Files";
			sourceTree = "<group>";
		};
/* End PBXGroup section */

/* Begin PBXNativeTarget section */
		CDB62B811A8A967100BE37B5 /* TwoMatcheUp3 */ = {
			isa = PBXNativeTarget;
			buildConfigurationList = CDB62BA51A8A967100BE37B5 /* Build configuration list for PBXNativeTarget "TwoMatcheUp3" */;
			buildPhases = (
				CDB62B7E1A8A967100BE37B5 /* Sources */,
				CDB62B7F1A8A967100BE37B5 /* Frameworks */,
				CDB62B801A8A967100BE37B5 /* Resources */,
			);
			buildRules = (
			);
			dependencies = (
			);
			name = TwoMatcheUp3;
			productName = TwoMatcheUp3;
			productReference = CDB62B821A8A967100BE37B5 /* TwoMatcheUp3.app */;
			productType = "com.apple.product-type.application";
		};
		CDB62B9A1A8A967100BE37B5 /* TwoMatcheUp3Tests */ = {
			isa = PBXNativeTarget;
			buildConfigurationList = CDB62BA81A8A967100BE37B5 /* Build configuration list for PBXNativeTarget "TwoMatcheUp3Tests" */;
			buildPhases = (
				CDB62B971A8A967100BE37B5 /* Sources */,
				CDB62B981A8A967100BE37B5 /* Frameworks */,
				CDB62B991A8A967100BE37B5 /* Resources */,
			);
			buildRules = (
			);
			dependencies = (
				CDB62B9D1A8A967100BE37B5 /* PBXTargetDependency */,
			);
			name = TwoMatcheUp3Tests;
			productName = TwoMatcheUp3Tests;
			productReference = CDB62B9B1A8A967100BE37B5 /* TwoMatcheUp3Tests.xctest */;
			productType = "com.apple.product-type.bundle.unit-test";
		};
/* End PBXNativeTarget section */

/* Begin PBXProject section */
		CDB62B7A1A8A967100BE37B5 /* Project object */ = {
			isa = PBXProject;
			attributes = {
				LastUpgradeCheck = 0610;
				ORGANIZATIONNAME = delmarz;
				TargetAttributes = {
					CDB62B811A8A967100BE37B5 = {
						CreatedOnToolsVersion = 6.1.1;
					};
					CDB62B9A1A8A967100BE37B5 = {
						CreatedOnToolsVersion = 6.1.1;
						TestTargetID = CDB62B811A8A967100BE37B5;
					};
				};
			};
			buildConfigurationList = CDB62B7D1A8A967100BE37B5 /* Build configuration list for PBXProject "TwoMatcheUp3" */;
			compatibilityVersion = "Xcode 3.2";
			developmentRegion = English;
			hasScannedForEncodings = 0;
			knownRegions = (
				en,
				Base,
			);
			mainGroup = CDB62B791A8A967100BE37B5;
			productRefGroup = CDB62B831A8A967100BE37B5 /* Products */;
			projectDirPath = "";
			projectRoot = "";
			targets = (
				CDB62B811A8A967100BE37B5 /* TwoMatcheUp3 */,
				CDB62B9A1A8A967100BE37B5 /* TwoMatcheUp3Tests */,
			);
		};
/* End PBXProject section */

/* Begin PBXResourcesBuildPhase section */
		CDB62B801A8A967100BE37B5 /* Resources */ = {
			isa = PBXResourcesBuildPhase;
			buildActionMask = 2147483647;
			files = (
				CDB62B911A8A967100BE37B5 /* Main.storyboard in Resources */,
				CDB62B961A8A967100BE37B5 /* LaunchScreen.xib in Resources */,
				CDB62B931A8A967100BE37B5 /* Images.xcassets in Resources */,
			);
			runOnlyForDeploymentPostprocessing = 0;
		};
		CDB62B991A8A967100BE37B5 /* Resources */ = {
			isa = PBXResourcesBuildPhase;
			buildActionMask = 2147483647;
			files = (
			);
			runOnlyForDeploymentPostprocessing = 0;
		};
/* End PBXResourcesBuildPhase section */

/* Begin PBXSourcesBuildPhase section */
		CDB62B7E1A8A967100BE37B5 /* Sources */ = {
			isa = PBXSourcesBuildPhase;
			buildActionMask = 2147483647;
			files = (
				CDB62B8E1A8A967100BE37B5 /* ViewController.m in Sources */,
				CDB62B8B1A8A967100BE37B5 /* AppDelegate.m in Sources */,
				CDB62B881A8A967100BE37B5 /* main.m in Sources */,
			);
			runOnlyForDeploymentPostprocessing = 0;
		};
		CDB62B971A8A967100BE37B5 /* Sources */ = {
			isa = PBXSourcesBuildPhase;
			buildActionMask = 2147483647;
			files = (
				CDB62BA21A8A967100BE37B5 /* TwoMatcheUp3Tests.m in Sources */,
			);
			runOnlyForDeploymentPostprocessing = 0;
		};
/* End PBXSourcesBuildPhase section */

/* Begin PBXTargetDependency section */
		CDB62B9D1A8A967100BE37B5 /* PBXTargetDependency */ = {
			isa = PBXTargetDependency;
			target = CDB62B811A8A967100BE37B5 /* TwoMatcheUp3 */;
			targetProxy = CDB62B9C1A8A967100BE37B5 /* PBXContainerItemProxy */;
		};
/* End PBXTargetDependency section */

/* Begin PBXVariantGroup section */
		CDB62B8F1A8A967100BE37B5 /* Main.storyboard */ = {
			isa = PBXVariantGroup;
			children = (
				CDB62B901A8A967100BE37B5 /* Base */,
			);
			name = Main.storyboard;
			sourceTree = "<group>";
		};
		CDB62B941A8A967100BE37B5 /* LaunchScreen.xib */ = {
			isa = PBXVariantGroup;
			children = (
				CDB62B951A8A967100BE37B5 /* Base */,
			);
			name = LaunchScreen.xib;
			sourceTree = "<group>";
		};
/* End PBXVariantGroup section */

/* Begin XCBuildConfiguration section */
		CDB62BA31A8A967100BE37B5 /* Debug */ = {
			isa = XCBuildConfiguration;
			buildSettings = {
				ALWAYS_SEARCH_USER_PATHS = NO;
				CLANG_CXX_LANGUAGE_STANDARD = "gnu++0x";
				CLANG_CXX_LIBRARY = "libc++";
				CLANG_ENABLE_MODULES = YES;
				CLANG_ENABLE_OBJC_ARC = YES;
				CLANG_WARN_BOOL_CONVERSION = YES;
				CLANG_WARN_CONSTANT_CONVERSION = YES;
				CLANG_WARN_DIRECT_OBJC_ISA_USAGE = YES_ERROR;
				CLANG_WARN_EMPTY_BODY = YES;
				CLANG_WARN_ENUM_CONVERSION = YES;
				CLANG_WARN_INT_CONVERSION = YES;
				CLANG_WARN_OBJC_ROOT_CLASS = YES_ERROR;
				CLANG_WARN_UNREACHABLE_CODE = YES;
				CLANG_WARN__DUPLICATE_METHOD_MATCH = YES;
				"CODE_SIGN_IDENTITY[sdk=iphoneos*]" = "iPhone Developer";
				COPY_PHASE_STRIP = NO;
				ENABLE_STRICT_OBJC_MSGSEND = YES;
				GCC_C_LANGUAGE_STANDARD = gnu99;
				GCC_DYNAMIC_NO_PIC = NO;
				GCC_OPTIMIZATION_LEVEL = 0;
				GCC_PREPROCESSOR_DEFINITIONS = (
					"DEBUG=1",
					"$(inherited)",
				);
				GCC_SYMBOLS_PRIVATE_EXTERN = NO;
				GCC_WARN_64_TO_32_BIT_CONVERSION = YES;
				GCC_WARN_ABOUT_RETURN_TYPE = YES_ERROR;
				GCC_WARN_UNDECLARED_SELECTOR = YES;
				GCC_WARN_UNINITIALIZED_AUTOS = YES_AGGRESSIVE;
				GCC_WARN_UNUSED_FUNCTION = YES;
				GCC_WARN_UNUSED_VARIABLE = YES;
				IPHONEOS_DEPLOYMENT_TARGET = 8.1;
				MTL_ENABLE_DEBUG_INFO = YES;
				ONLY_ACTIVE_ARCH = YES;
				SDKROOT = iphoneos;
				TARGETED_DEVICE_FAMILY = "1,2";
			};
			name = Debug;
		};
		CDB62BA41A8A967100BE37B5 /* Release */ = {
			isa = XCBuildConfiguration;
			buildSettings = {
				ALWAYS_SEARCH_USER_PATHS = NO;
				CLANG_CXX_LANGUAGE_STANDARD = "gnu++0x";
				CLANG_CXX_LIBRARY = "libc++";
				CLANG_ENABLE_MODULES = YES;
				CLANG_ENABLE_OBJC_ARC = YES;
				CLANG_WARN_BOOL_CONVERSION = YES;
				CLANG_WARN_CONSTANT_CONVERSION = YES;
				CLANG_WARN_DIRECT_OBJC_ISA_USAGE = YES_ERROR;
				CLANG_WARN_EMPTY_BODY = YES;
				CLANG_WARN_ENUM_CONVERSION = YES;
				CLANG_WARN_INT_CONVERSION = YES;
				CLANG_WARN_OBJC_ROOT_CLASS = YES_ERROR;
				CLANG_WARN_UNREACHABLE_CODE = YES;
				CLANG_WARN__DUPLICATE_METHOD_MATCH = YES;
				"CODE_SIGN_IDENTITY[sdk=iphoneos*]" = "iPhone Developer";
				COPY_PHASE_STRIP = YES;
				ENABLE_NS_ASSERTIONS = NO;
				ENABLE_STRICT_OBJC_MSGSEND = YES;
				GCC_C_LANGUAGE_STANDARD = gnu99;
				GCC_WARN_64_TO_32_BIT_CONVERSION = YES;
				GCC_WARN_ABOUT_RETURN_TYPE = YES_ERROR;
				GCC_WARN_UNDECLARED_SELECTOR = YES;
				GCC_WARN_UNINITIALIZED_AUTOS = YES_AGGRESSIVE;
				GCC_WARN_UNUSED_FUNCTION = YES;
				GCC_WARN_UNUSED_VARIABLE = YES;
				IPHONEOS_DEPLOYMENT_TARGET = 8.1;
				MTL_ENABLE_DEBUG_INFO = NO;
				SDKROOT = iphoneos;
				TARGETED_DEVICE_FAMILY = "1,2";
				VALIDATE_PRODUCT = YES;
			};
			name = Release;
		};
		CDB62BA61A8A967100BE37B5 /* Debug */ = {
			isa = XCBuildConfiguration;
			buildSettings = {
				ASSETCATALOG_COMPILER_APPICON_NAME = AppIcon;
				INFOPLIST_FILE = TwoMatcheUp3/Info.plist;
				LD_RUNPATH_SEARCH_PATHS = "$(inherited) @executable_path/Frameworks";
				PRODUCT_NAME = "$(TARGET_NAME)";
			};
			name = Debug;
		};
		CDB62BA71A8A967100BE37B5 /* Release */ = {
			isa = XCBuildConfiguration;
			buildSettings = {
				ASSETCATALOG_COMPILER_APPICON_NAME = AppIcon;
				INFOPLIST_FILE = TwoMatcheUp3/Info.plist;
				LD_RUNPATH_SEARCH_PATHS = "$(inherited) @executable_path/Frameworks";
				PRODUCT_NAME = "$(TARGET_NAME)";
			};
			name = Release;
		};
		CDB62BA91A8A967100BE37B5 /* Debug */ = {
			isa = XCBuildConfiguration;
			buildSettings = {
				BUNDLE_LOADER = "$(TEST_HOST)";
				FRAMEWORK_SEARCH_PATHS = (
					"$(SDKROOT)/Developer/Library/Frameworks",
					"$(inherited)",
				);
				GCC_PREPROCESSOR_DEFINITIONS = (
					"DEBUG=1",
					"$(inherited)",
				);
				INFOPLIST_FILE = TwoMatcheUp3Tests/Info.plist;
				LD_RUNPATH_SEARCH_PATHS = "$(inherited) @executable_path/Frameworks @loader_path/Frameworks";
				PRODUCT_NAME = "$(TARGET_NAME)";
				TEST_HOST = "$(BUILT_PRODUCTS_DIR)/TwoMatcheUp3.app/TwoMatcheUp3";
			};
			name = Debug;
		};
		CDB62BAA1A8A967100BE37B5 /* Release */ = {
			isa = XCBuildConfiguration;
			buildSettings = {
				BUNDLE_LOADER = "$(TEST_HOST)";
				FRAMEWORK_SEARCH_PATHS = (
					"$(SDKROOT)/Developer/Library/Frameworks",
					"$(inherited)",
				);
				INFOPLIST_FILE = TwoMatcheUp3Tests/Info.plist;
				LD_RUNPATH_SEARCH_PATHS = "$(inherited) @executable_path/Frameworks @loader_path/Frameworks";
				PRODUCT_NAME = "$(TARGET_NAME)";
				TEST_HOST = "$(BUILT_PRODUCTS_DIR)/TwoMatcheUp3.app/TwoMatcheUp3";
			};
			name = Release;
		};
/* End XCBuildConfiguration section */

/* Begin XCConfigurationList section */
		CDB62B7D1A8A967100BE37B5 /* Build configuration list for PBXProject "TwoMatcheUp3" */ = {
			isa = XCConfigurationList;
			buildConfigurations = (
				CDB62BA31A8A967100BE37B5 /* Debug */,
				CDB62BA41A8A967100BE37B5 /* Release */,
			);
			defaultConfigurationIsVisible = 0;
			defaultConfigurationName = Release;
		};
		CDB62BA51A8A967100BE37B5 /* Build configuration list for PBXNativeTarget "TwoMatcheUp3" */ = {
			isa = XCConfigurationList;
			buildConfigurations = (
				CDB62BA61A8A967100BE37B5 /* Debug */,
				CDB62BA71A8A967100BE37B5 /* Release */,
			);
			defaultConfigurationIsVisible = 0;
		};
		CDB62BA81A8A967100BE37B5 /* Build configuration list for PBXNativeTarget "TwoMatcheUp3Tests" */ = {
			isa = XCConfigurationList;
			buildConfigurations = (
				CDB62BA91A8A967100BE37B5 /* Debug */,
				CDB62BAA1A8A967100BE37B5 /* Release */,
			);
			defaultConfigurationIsVisible = 0;
		};
/* End XCConfigurationList section */
	};
	rootObject = CDB62B7A1A8A967100BE37B5 /* Project object */;
}
